
Microsoft Visual Studio Solution File, Format Version 12.00
# Visual Studio Version 16
VisualStudioVersion = 16.0.31702.278
MinimumVisualStudioVersion = 10.0.40219.1
Project("{FAE04EC0-301F-11D3-BF4B-00C04F79EFBC}") = "RPM 17.12", "RPM 17.12\RPM 17.12.csproj", "{BBA957E1-A2BD-424B-B3EC-BD3645D81BC9}"
EndProject
Global
	GlobalSection(SolutionConfigurationPlatforms) = preSolution
		Debug|Any CPU = Debug|Any CPU
		Release|Any CPU = Release|Any CPU
	EndGlobalSection
	GlobalSection(ProjectConfigurationPlatforms) = postSolution
		{BBA957E1-A2BD-424B-B3EC-BD3645D81BC9}.Debug|Any CPU.ActiveCfg = Debug|Any CPU
		{BBA957E1-A2BD-424B-B3EC-BD3645D81BC9}.Debug|Any CPU.Build.0 = Debug|Any CPU
		{BBA957E1-A2BD-424B-B3EC-BD3645D81BC9}.Release|Any CPU.ActiveCfg = Release|Any CPU
		{BBA957E1-A2BD-424B-B3EC-BD3645D81BC9}.Release|Any CPU.Build.0 = Release|Any CPU
	EndGlobalSection
	GlobalSection(SolutionProperties) = preSolution
		HideSolutionNode = FALSE
	EndGlobalSection
	GlobalSection(ExtensibilityGlobals) = postSolution
		SolutionGuid = {20457367-158E-4B24-9488-894BFBDA0FD0}
	EndGlobalSection
EndGlobal
